PODS:
  - Capacitor (5.7.8):
    - CapacitorCordova
  - CapacitorApp (6.0.1):
    - Capacitor
  - CapacitorCommunityBarcodeScanner (4.0.1):
    - Capacitor
  - CapacitorCordova (5.7.8)
  - CapacitorDialog (6.0.2):
    - Capacitor
  - CapacitorHaptics (6.0.1):
    - Capacitor
  - CapacitorNetwork (6.0.2):
    - Capacitor
  - CapacitorScreenOrientation (6.0.2):
    - Capacitor
  - CapacitorShare (6.0.2):
    - Capacitor
  - CapacitorStatusBar (6.0.2):
    - Capacitor
  - CapacitorStorage (1.2.5):
    - Capacitor
  - CapacitorToast (6.0.2):
    - Capacitor
  - CapgoCapacitorFlash (6.0.3):
    - Capacitor

DEPENDENCIES:
  - "Capacitor (from `../../node_modules/@capacitor/ios`)"
  - "CapacitorApp (from `../../node_modules/@capacitor/app`)"
  - "CapacitorCommunityBarcodeScanner (from `../../node_modules/@capacitor-community/barcode-scanner`)"
  - "CapacitorCordova (from `../../node_modules/@capacitor/ios`)"
  - "CapacitorDialog (from `../../node_modules/@capacitor/dialog`)"
  - "CapacitorHaptics (from `../../node_modules/@capacitor/haptics`)"
  - "CapacitorNetwork (from `../../node_modules/@capacitor/network`)"
  - "CapacitorScreenOrientation (from `../../node_modules/@capacitor/screen-orientation`)"
  - "CapacitorShare (from `../../node_modules/@capacitor/share`)"
  - "CapacitorStatusBar (from `../../node_modules/@capacitor/status-bar`)"
  - "CapacitorStorage (from `../../node_modules/@capacitor/storage`)"
  - "CapacitorToast (from `../../node_modules/@capacitor/toast`)"
  - "CapgoCapacitorFlash (from `../../node_modules/@capgo/capacitor-flash`)"

EXTERNAL SOURCES:
  Capacitor:
    :path: "../../node_modules/@capacitor/ios"
  CapacitorApp:
    :path: "../../node_modules/@capacitor/app"
  CapacitorCommunityBarcodeScanner:
    :path: "../../node_modules/@capacitor-community/barcode-scanner"
  CapacitorCordova:
    :path: "../../node_modules/@capacitor/ios"
  CapacitorDialog:
    :path: "../../node_modules/@capacitor/dialog"
  CapacitorHaptics:
    :path: "../../node_modules/@capacitor/haptics"
  CapacitorNetwork:
    :path: "../../node_modules/@capacitor/network"
  CapacitorScreenOrientation:
    :path: "../../node_modules/@capacitor/screen-orientation"
  CapacitorShare:
    :path: "../../node_modules/@capacitor/share"
  CapacitorStatusBar:
    :path: "../../node_modules/@capacitor/status-bar"
  CapacitorStorage:
    :path: "../../node_modules/@capacitor/storage"
  CapacitorToast:
    :path: "../../node_modules/@capacitor/toast"
  CapgoCapacitorFlash:
    :path: "../../node_modules/@capgo/capacitor-flash"

SPEC CHECKSUMS:
  Capacitor: 747aadb4fa786f460d8cd9d0557cb81440a13747
  CapacitorApp: 0bc633b4eae40a1f32cd2834788fad3bc42da6a1
  CapacitorCommunityBarcodeScanner: 7feb206489c8555a8ca0c74c57ddf49ead774eb8
  CapacitorCordova: 31ab98dca2ddcee051027a1afe7e8c85c82f7297
  CapacitorDialog: e966e2261e1c74a8a502e610dd66b4f97ec6fcca
  CapacitorHaptics: fe689ade56ef20ec9b041a753c6da70c5d8ec9a9
  CapacitorNetwork: 8796cf1f1104a00b289957b6150b7c60e1c2a8d3
  CapacitorScreenOrientation: 6039dc2ea4a8596b79316709d5727e8bb7e32845
  CapacitorShare: 591ae4693d85686ceb590db8e8b44aa014ec6490
  CapacitorStatusBar: 3b9ac7d0684770522c532d1158a1434512ab1477
  CapacitorStorage: 63255170c2f7e9f7363b3e5e015584e6d18f2969
  CapacitorToast: cfd82cd5afdc3f027ad4a8859f909ae4a327f3c3
  CapgoCapacitorFlash: add9502d704e3f7a412807f0b9ab8da05c4192b6

PODFILE CHECKSUM: fcbd19e275e200c85da6590acfd64dab6eed5035

COCOAPODS: 1.11.3
